
Microsoft Visual Studio Solution File, Format Version 12.00
# Visual Studio 15
VisualStudioVersion = 15.0.26730.12
MinimumVisualStudioVersion = 10.0.40219.1
Project("{2150E333-8FDC-42A3-9474-1A3956D46DE8}") = "Sample", "Sample", "{2BE469FC-DD33-41A3-9632-A3FAD7436800}"
EndProject
Project("{9A19103F-16F7-4668-BE54-9A1E7A4F7556}") = "DistCqrs.Core", "DistCqrs.Core\DistCqrs.Core.csproj", "{1993D133-31CC-4A55-B359-E8C01A6FDB1B}"
EndProject
Project("{9A19103F-16F7-4668-BE54-9A1E7A4F7556}") = "DistCqrs.Core.Test", "DistCqrs.Core.Test\DistCqrs.Core.Test.csproj", "{71E592CD-9BE6-49B9-9943-A93B7F4FC89D}"
EndProject
Project("{9A19103F-16F7-4668-BE54-9A1E7A4F7556}") = "DistCqrs.Sample.Domain", "DistCqrs.Sample.Domain\DistCqrs.Sample.Domain.csproj", "{CD738BB0-B4D4-4F10-8358-6C27756DD891}"
EndProject
Project("{9A19103F-16F7-4668-BE54-9A1E7A4F7556}") = "DistCqrs.Sample.Service", "DistCqrs.Sample.Service\DistCqrs.Sample.Service.csproj", "{D9A70E32-18FA-483E-9335-30617F90ED76}"
EndProject
Global
	GlobalSection(SolutionConfigurationPlatforms) = preSolution
		Debug|Any CPU = Debug|Any CPU
		Release|Any CPU = Release|Any CPU
	EndGlobalSection
	GlobalSection(ProjectConfigurationPlatforms) = postSolution
		{1993D133-31CC-4A55-B359-E8C01A6FDB1B}.Debug|Any CPU.ActiveCfg = Debug|Any CPU
		{1993D133-31CC-4A55-B359-E8C01A6FDB1B}.Debug|Any CPU.Build.0 = Debug|Any CPU
		{1993D133-31CC-4A55-B359-E8C01A6FDB1B}.Release|Any CPU.ActiveCfg = Release|Any CPU
		{1993D133-31CC-4A55-B359-E8C01A6FDB1B}.Release|Any CPU.Build.0 = Release|Any CPU
		{71E592CD-9BE6-49B9-9943-A93B7F4FC89D}.Debug|Any CPU.ActiveCfg = Debug|Any CPU
		{71E592CD-9BE6-49B9-9943-A93B7F4FC89D}.Debug|Any CPU.Build.0 = Debug|Any CPU
		{71E592CD-9BE6-49B9-9943-A93B7F4FC89D}.Release|Any CPU.ActiveCfg = Release|Any CPU
		{71E592CD-9BE6-49B9-9943-A93B7F4FC89D}.Release|Any CPU.Build.0 = Release|Any CPU
		{CD738BB0-B4D4-4F10-8358-6C27756DD891}.Debug|Any CPU.ActiveCfg = Debug|Any CPU
		{CD738BB0-B4D4-4F10-8358-6C27756DD891}.Debug|Any CPU.Build.0 = Debug|Any CPU
		{CD738BB0-B4D4-4F10-8358-6C27756DD891}.Release|Any CPU.ActiveCfg = Release|Any CPU
		{CD738BB0-B4D4-4F10-8358-6C27756DD891}.Release|Any CPU.Build.0 = Release|Any CPU
		{D9A70E32-18FA-483E-9335-30617F90ED76}.Debug|Any CPU.ActiveCfg = Debug|Any CPU
		{D9A70E32-18FA-483E-9335-30617F90ED76}.Debug|Any CPU.Build.0 = Debug|Any CPU
		{D9A70E32-18FA-483E-9335-30617F90ED76}.Release|Any CPU.ActiveCfg = Release|Any CPU
		{D9A70E32-18FA-483E-9335-30617F90ED76}.Release|Any CPU.Build.0 = Release|Any CPU
	EndGlobalSection
	GlobalSection(SolutionProperties) = preSolution
		HideSolutionNode = FALSE
	EndGlobalSection
	GlobalSection(NestedProjects) = preSolution
		{CD738BB0-B4D4-4F10-8358-6C27756DD891} = {2BE469FC-DD33-41A3-9632-A3FAD7436800}
		{D9A70E32-18FA-483E-9335-30617F90ED76} = {2BE469FC-DD33-41A3-9632-A3FAD7436800}
	EndGlobalSection
	GlobalSection(ExtensibilityGlobals) = postSolution
		SolutionGuid = {9B521A89-2ADA-4308-A420-01110B176795}
	EndGlobalSection
EndGlobal
