
Microsoft Visual Studio Solution File, Format Version 12.00
# Visual Studio 15
VisualStudioVersion = 15.0.26430.12
MinimumVisualStudioVersion = 10.0.40219.1
Project("{9A19103F-16F7-4668-BE54-9A1E7A4F7556}") = "Models", "Models\Models.csproj", "{DE524C31-7D79-476B-B76F-6689566E7DB9}"
EndProject
Project("{9A19103F-16F7-4668-BE54-9A1E7A4F7556}") = "Domain", "Domain\Domain.csproj", "{F403B29E-9541-4B04-841A-D0DE18FD1E00}"
EndProject
Project("{9A19103F-16F7-4668-BE54-9A1E7A4F7556}") = "DistCqrs", "DistCqrs\DistCqrs.csproj", "{D3B6D4D4-1C94-4AB4-9775-39CA3371F024}"
EndProject
Global
	GlobalSection(SolutionConfigurationPlatforms) = preSolution
		Debug|Any CPU = Debug|Any CPU
		Release|Any CPU = Release|Any CPU
	EndGlobalSection
	GlobalSection(ProjectConfigurationPlatforms) = postSolution
		{DE524C31-7D79-476B-B76F-6689566E7DB9}.Debug|Any CPU.ActiveCfg = Debug|Any CPU
		{DE524C31-7D79-476B-B76F-6689566E7DB9}.Debug|Any CPU.Build.0 = Debug|Any CPU
		{DE524C31-7D79-476B-B76F-6689566E7DB9}.Release|Any CPU.ActiveCfg = Release|Any CPU
		{DE524C31-7D79-476B-B76F-6689566E7DB9}.Release|Any CPU.Build.0 = Release|Any CPU
		{F403B29E-9541-4B04-841A-D0DE18FD1E00}.Debug|Any CPU.ActiveCfg = Debug|Any CPU
		{F403B29E-9541-4B04-841A-D0DE18FD1E00}.Debug|Any CPU.Build.0 = Debug|Any CPU
		{F403B29E-9541-4B04-841A-D0DE18FD1E00}.Release|Any CPU.ActiveCfg = Release|Any CPU
		{F403B29E-9541-4B04-841A-D0DE18FD1E00}.Release|Any CPU.Build.0 = Release|Any CPU
		{D3B6D4D4-1C94-4AB4-9775-39CA3371F024}.Debug|Any CPU.ActiveCfg = Debug|Any CPU
		{D3B6D4D4-1C94-4AB4-9775-39CA3371F024}.Debug|Any CPU.Build.0 = Debug|Any CPU
		{D3B6D4D4-1C94-4AB4-9775-39CA3371F024}.Release|Any CPU.ActiveCfg = Release|Any CPU
		{D3B6D4D4-1C94-4AB4-9775-39CA3371F024}.Release|Any CPU.Build.0 = Release|Any CPU
	EndGlobalSection
	GlobalSection(SolutionProperties) = preSolution
		HideSolutionNode = FALSE
	EndGlobalSection
EndGlobal
